
Microsoft Visual Studio Solution File, Format Version 12.00
# Visual Studio 15
VisualStudioVersion = 15.0.27428.2043
MinimumVisualStudioVersion = 10.0.40219.1
Project("{FAE04EC0-301F-11D3-BF4B-00C04F79EFBC}") = "DefenseByNight", "DefenseByNight\DefenseByNight.csproj", "{796CAA4C-3EB0-420E-B2E0-B06C0FB46C7D}"
EndProject
Project("{FAE04EC0-301F-11D3-BF4B-00C04F79EFBC}") = "DefenseByNight.Tests", "DefenseByNight.Tests\DefenseByNight.Tests.csproj", "{F9B16D59-E8F1-4633-9118-C31C65CFEEA5}"
EndProject
Project("{FAE04EC0-301F-11D3-BF4B-00C04F79EFBC}") = "DAL", "DAL\DAL.csproj", "{0578F8DB-7A3C-4827-B2A1-52A7A21A7649}"
EndProject
Project("{FAE04EC0-301F-11D3-BF4B-00C04F79EFBC}") = "BLL", "BLL\BLL.csproj", "{D040185B-D102-4D0F-9154-8F9E077381C0}"
EndProject
Project("{FAE04EC0-301F-11D3-BF4B-00C04F79EFBC}") = "DTO", "DTO\DTO.csproj", "{B20BD84E-7F40-44D7-9103-5033CD75DAD5}"
EndProject
Global
	GlobalSection(SolutionConfigurationPlatforms) = preSolution
		Debug|Any CPU = Debug|Any CPU
		Release|Any CPU = Release|Any CPU
	EndGlobalSection
	GlobalSection(ProjectConfigurationPlatforms) = postSolution
		{796CAA4C-3EB0-420E-B2E0-B06C0FB46C7D}.Debug|Any CPU.ActiveCfg = Debug|Any CPU
		{796CAA4C-3EB0-420E-B2E0-B06C0FB46C7D}.Debug|Any CPU.Build.0 = Debug|Any CPU
		{796CAA4C-3EB0-420E-B2E0-B06C0FB46C7D}.Release|Any CPU.ActiveCfg = Release|Any CPU
		{796CAA4C-3EB0-420E-B2E0-B06C0FB46C7D}.Release|Any CPU.Build.0 = Release|Any CPU
		{F9B16D59-E8F1-4633-9118-C31C65CFEEA5}.Debug|Any CPU.ActiveCfg = Debug|Any CPU
		{F9B16D59-E8F1-4633-9118-C31C65CFEEA5}.Debug|Any CPU.Build.0 = Debug|Any CPU
		{F9B16D59-E8F1-4633-9118-C31C65CFEEA5}.Release|Any CPU.ActiveCfg = Release|Any CPU
		{F9B16D59-E8F1-4633-9118-C31C65CFEEA5}.Release|Any CPU.Build.0 = Release|Any CPU
		{0578F8DB-7A3C-4827-B2A1-52A7A21A7649}.Debug|Any CPU.ActiveCfg = Debug|Any CPU
		{0578F8DB-7A3C-4827-B2A1-52A7A21A7649}.Debug|Any CPU.Build.0 = Debug|Any CPU
		{0578F8DB-7A3C-4827-B2A1-52A7A21A7649}.Release|Any CPU.ActiveCfg = Release|Any CPU
		{0578F8DB-7A3C-4827-B2A1-52A7A21A7649}.Release|Any CPU.Build.0 = Release|Any CPU
		{D040185B-D102-4D0F-9154-8F9E077381C0}.Debug|Any CPU.ActiveCfg = Debug|Any CPU
		{D040185B-D102-4D0F-9154-8F9E077381C0}.Debug|Any CPU.Build.0 = Debug|Any CPU
		{D040185B-D102-4D0F-9154-8F9E077381C0}.Release|Any CPU.ActiveCfg = Release|Any CPU
		{D040185B-D102-4D0F-9154-8F9E077381C0}.Release|Any CPU.Build.0 = Release|Any CPU
		{B20BD84E-7F40-44D7-9103-5033CD75DAD5}.Debug|Any CPU.ActiveCfg = Debug|Any CPU
		{B20BD84E-7F40-44D7-9103-5033CD75DAD5}.Debug|Any CPU.Build.0 = Debug|Any CPU
		{B20BD84E-7F40-44D7-9103-5033CD75DAD5}.Release|Any CPU.ActiveCfg = Release|Any CPU
		{B20BD84E-7F40-44D7-9103-5033CD75DAD5}.Release|Any CPU.Build.0 = Release|Any CPU
	EndGlobalSection
	GlobalSection(SolutionProperties) = preSolution
		HideSolutionNode = FALSE
	EndGlobalSection
	GlobalSection(ExtensibilityGlobals) = postSolution
		SolutionGuid = {C9A3A9DC-BFB1-43E7-8F81-FBC0CB80CDA5}
	EndGlobalSection
EndGlobal
